
Microsoft Visual Studio Solution File, Format Version 12.00
# Visual Studio for Mac
Project("{FAE04EC0-301F-11D3-BF4B-00C04F79EFBC}") = "WalkingSimulator.Plugins", "WalkingSimulator.Plugins.csproj", "{8F91ABE0-B387-5564-6B8A-67968090EA6C}"
EndProject
Project("{FAE04EC0-301F-11D3-BF4B-00C04F79EFBC}") = "WalkingSimulator", "WalkingSimulator.csproj", "{1EE1E3FA-0AD0-4E17-62BC-7BF500929560}"
EndProject
Project("{FAE04EC0-301F-11D3-BF4B-00C04F79EFBC}") = "WalkingSimulator.Editor.Plugins", "WalkingSimulator.Editor.Plugins.csproj", "{2CBBABBE-AE4B-EEC0-E89C-4E50227F5B71}"
EndProject
Global
	GlobalSection(SolutionConfigurationPlatforms) = preSolution
		Debug|Any CPU = Debug|Any CPU
		Release|Any CPU = Release|Any CPU
	EndGlobalSection
	GlobalSection(ProjectConfigurationPlatforms) = postSolution
		{8F91ABE0-B387-5564-6B8A-67968090EA6C}.Debug|Any CPU.ActiveCfg = Debug|Any CPU
		{8F91ABE0-B387-5564-6B8A-67968090EA6C}.Debug|Any CPU.Build.0 = Debug|Any CPU
		{8F91ABE0-B387-5564-6B8A-67968090EA6C}.Release|Any CPU.ActiveCfg = Release|Any CPU
		{8F91ABE0-B387-5564-6B8A-67968090EA6C}.Release|Any CPU.Build.0 = Release|Any CPU
		{1EE1E3FA-0AD0-4E17-62BC-7BF500929560}.Debug|Any CPU.ActiveCfg = Debug|Any CPU
		{1EE1E3FA-0AD0-4E17-62BC-7BF500929560}.Debug|Any CPU.Build.0 = Debug|Any CPU
		{1EE1E3FA-0AD0-4E17-62BC-7BF500929560}.Release|Any CPU.ActiveCfg = Release|Any CPU
		{1EE1E3FA-0AD0-4E17-62BC-7BF500929560}.Release|Any CPU.Build.0 = Release|Any CPU
		{2CBBABBE-AE4B-EEC0-E89C-4E50227F5B71}.Debug|Any CPU.ActiveCfg = Debug|Any CPU
		{2CBBABBE-AE4B-EEC0-E89C-4E50227F5B71}.Debug|Any CPU.Build.0 = Debug|Any CPU
		{2CBBABBE-AE4B-EEC0-E89C-4E50227F5B71}.Release|Any CPU.ActiveCfg = Release|Any CPU
		{2CBBABBE-AE4B-EEC0-E89C-4E50227F5B71}.Release|Any CPU.Build.0 = Release|Any CPU
	EndGlobalSection
	GlobalSection(SolutionProperties) = preSolution
		HideSolutionNode = FALSE
	EndGlobalSection
EndGlobal
